
Microsoft Visual Studio Solution File, Format Version 12.00
# Visual Studio Version 18
VisualStudioVersion = 18.0.11222.15
MinimumVisualStudioVersion = 10.0.40219.1
Project("{9A19103F-16F7-4668-BE54-9A1E7A4F7556}") = "ToolGood.Algorithm", "ToolGood.Algorithm\ToolGood.Algorithm.csproj", "{DD810514-188F-44BC-BD28-2C0A5C3B9513}"
EndProject
Project("{9A19103F-16F7-4668-BE54-9A1E7A4F7556}") = "ToolGood.Algorithm.Test", "ToolGood.Algorithm.Test\ToolGood.Algorithm.Test.csproj", "{B393EF66-13D8-4D9E-BDB7-5F06D7F09651}"
EndProject
Project("{9A19103F-16F7-4668-BE54-9A1E7A4F7556}") = "ToolGood.Algorithm.WebAssembly", "ToolGood.Algorithm.WebAssembly\ToolGood.Algorithm.WebAssembly.csproj", "{72101087-FFFD-4616-BDC5-751D19170C19}"
EndProject
Project("{9A19103F-16F7-4668-BE54-9A1E7A4F7556}") = "ToolGood.Algorithm.WebTest", "ToolGood.Algorithm.WebTest\ToolGood.Algorithm.WebTest.csproj", "{F2AD750F-274A-4EFA-9071-51C9E8BCAE5E}"
EndProject
Project("{2150E333-8FDC-42A3-9474-1A3956D46DE8}") = "WebAssembly", "WebAssembly", "{85948EFF-CD7B-4F55-8540-A47902DD67DB}"
EndProject
Project("{FAE04EC0-301F-11D3-BF4B-00C04F79EFBC}") = "BenchmarkSuite1", "BenchmarkSuite1\BenchmarkSuite1.csproj", "{A20861A9-411E-6150-BF5C-69E8196E5D22}"
EndProject
Global
	GlobalSection(SolutionConfigurationPlatforms) = preSolution
		Debug|Any CPU = Debug|Any CPU
		Release|Any CPU = Release|Any CPU
		WebAssembly|Any CPU = WebAssembly|Any CPU
	EndGlobalSection
	GlobalSection(ProjectConfigurationPlatforms) = postSolution
		{DD810514-188F-44BC-BD28-2C0A5C3B9513}.Debug|Any CPU.ActiveCfg = Debug|Any CPU
		{DD810514-188F-44BC-BD28-2C0A5C3B9513}.Debug|Any CPU.Build.0 = Debug|Any CPU
		{DD810514-188F-44BC-BD28-2C0A5C3B9513}.Release|Any CPU.ActiveCfg = Release|Any CPU
		{DD810514-188F-44BC-BD28-2C0A5C3B9513}.Release|Any CPU.Build.0 = Release|Any CPU
		{DD810514-188F-44BC-BD28-2C0A5C3B9513}.WebAssembly|Any CPU.ActiveCfg = WebAssembly|Any CPU
		{DD810514-188F-44BC-BD28-2C0A5C3B9513}.WebAssembly|Any CPU.Build.0 = WebAssembly|Any CPU
		{B393EF66-13D8-4D9E-BDB7-5F06D7F09651}.Debug|Any CPU.ActiveCfg = Debug|Any CPU
		{B393EF66-13D8-4D9E-BDB7-5F06D7F09651}.Debug|Any CPU.Build.0 = Debug|Any CPU
		{B393EF66-13D8-4D9E-BDB7-5F06D7F09651}.Release|Any CPU.ActiveCfg = Release|Any CPU
		{B393EF66-13D8-4D9E-BDB7-5F06D7F09651}.Release|Any CPU.Build.0 = Release|Any CPU
		{B393EF66-13D8-4D9E-BDB7-5F06D7F09651}.WebAssembly|Any CPU.ActiveCfg = Release|Any CPU
		{B393EF66-13D8-4D9E-BDB7-5F06D7F09651}.WebAssembly|Any CPU.Build.0 = Release|Any CPU
		{72101087-FFFD-4616-BDC5-751D19170C19}.Debug|Any CPU.ActiveCfg = Debug|Any CPU
		{72101087-FFFD-4616-BDC5-751D19170C19}.Debug|Any CPU.Build.0 = Debug|Any CPU
		{72101087-FFFD-4616-BDC5-751D19170C19}.Release|Any CPU.ActiveCfg = Release|Any CPU
		{72101087-FFFD-4616-BDC5-751D19170C19}.Release|Any CPU.Build.0 = Release|Any CPU
		{72101087-FFFD-4616-BDC5-751D19170C19}.WebAssembly|Any CPU.ActiveCfg = Release|Any CPU
		{72101087-FFFD-4616-BDC5-751D19170C19}.WebAssembly|Any CPU.Build.0 = Release|Any CPU
		{F2AD750F-274A-4EFA-9071-51C9E8BCAE5E}.Debug|Any CPU.ActiveCfg = Debug|Any CPU
		{F2AD750F-274A-4EFA-9071-51C9E8BCAE5E}.Debug|Any CPU.Build.0 = Debug|Any CPU
		{F2AD750F-274A-4EFA-9071-51C9E8BCAE5E}.Release|Any CPU.ActiveCfg = Release|Any CPU
		{F2AD750F-274A-4EFA-9071-51C9E8BCAE5E}.Release|Any CPU.Build.0 = Release|Any CPU
		{F2AD750F-274A-4EFA-9071-51C9E8BCAE5E}.WebAssembly|Any CPU.ActiveCfg = Release|Any CPU
		{F2AD750F-274A-4EFA-9071-51C9E8BCAE5E}.WebAssembly|Any CPU.Build.0 = Release|Any CPU
		{A20861A9-411E-6150-BF5C-69E8196E5D22}.Debug|Any CPU.ActiveCfg = Debug|Any CPU
		{A20861A9-411E-6150-BF5C-69E8196E5D22}.Debug|Any CPU.Build.0 = Debug|Any CPU
		{A20861A9-411E-6150-BF5C-69E8196E5D22}.Release|Any CPU.ActiveCfg = Release|Any CPU
		{A20861A9-411E-6150-BF5C-69E8196E5D22}.Release|Any CPU.Build.0 = Release|Any CPU
		{A20861A9-411E-6150-BF5C-69E8196E5D22}.WebAssembly|Any CPU.ActiveCfg = Debug|Any CPU
		{A20861A9-411E-6150-BF5C-69E8196E5D22}.WebAssembly|Any CPU.Build.0 = Debug|Any CPU
	EndGlobalSection
	GlobalSection(SolutionProperties) = preSolution
		HideSolutionNode = FALSE
	EndGlobalSection
	GlobalSection(NestedProjects) = preSolution
		{72101087-FFFD-4616-BDC5-751D19170C19} = {85948EFF-CD7B-4F55-8540-A47902DD67DB}
		{F2AD750F-274A-4EFA-9071-51C9E8BCAE5E} = {85948EFF-CD7B-4F55-8540-A47902DD67DB}
	EndGlobalSection
	GlobalSection(ExtensibilityGlobals) = postSolution
		SolutionGuid = {5269F993-4FF8-4664-BB57-F21B1FD3E5A1}
	EndGlobalSection
EndGlobal
