<Solution>
  <Configurations>
    <BuildType Name="Debug" />
    <BuildType Name="Release" />
  </Configurations>
  <Folder Name="/tool/">
    <Project Path="Antlr4Helper.CSharpHelper/Antlr4Helper.CSharpHelper.csproj">
    </Project>
  </Folder>
  <Project Path="ToolGood.Algorithm.Test/ToolGood.Algorithm.Test.csproj">
  </Project>
  <Project Path="ToolGood.Algorithm/ToolGood.Algorithm.csproj" />
</Solution>
